
Microsoft Visual Studio Solution File, Format Version 11.00
# Visual Studio 2010
Project("{8BC9CEB8-8B4A-11D0-8D11-00A0C91BC942}") = "vr-demonstrate", "vr-demonstrate\vr-demonstrate.vcxproj", "{207F7DF8-C896-451E-8E63-9D2EFBE0DEAB}"
	ProjectSection(ProjectDependencies) = postProject
		{090D4EA6-17E5-4F6C-A336-A2D370FDE87E} = {090D4EA6-17E5-4F6C-A336-A2D370FDE87E}
		{3B49D5B1-08A5-4898-844D-A072A3EBC367} = {3B49D5B1-08A5-4898-844D-A072A3EBC367}
		{DFA2D2DE-68AF-4718-B05B-E7E74B9BD996} = {DFA2D2DE-68AF-4718-B05B-E7E74B9BD996}
	EndProjectSection
EndProject
Project("{8BC9CEB8-8B4A-11D0-8D11-00A0C91BC942}") = "PenetrationCount", "PenetrationCount\PenetrationCount.vcxproj", "{DFA2D2DE-68AF-4718-B05B-E7E74B9BD996}"
	ProjectSection(ProjectDependencies) = postProject
		{3C1ECEA5-5BF4-476D-A86E-988582D41755} = {3C1ECEA5-5BF4-476D-A86E-988582D41755}
	EndProjectSection
EndProject
Project("{8BC9CEB8-8B4A-11D0-8D11-00A0C91BC942}") = "MathCalculationSupport", "MathCalculationSupport\MathCalculationSupport.vcxproj", "{E455524A-04DB-498C-BBB2-1CE982896FA4}"
EndProject
Project("{8BC9CEB8-8B4A-11D0-8D11-00A0C91BC942}") = "PowerAnalysisBase", "PowerAnalysisBase\PowerAnalysisBase.vcxproj", "{3C1ECEA5-5BF4-476D-A86E-988582D41755}"
	ProjectSection(ProjectDependencies) = postProject
		{E455524A-04DB-498C-BBB2-1CE982896FA4} = {E455524A-04DB-498C-BBB2-1CE982896FA4}
	EndProjectSection
EndProject
Project("{8BC9CEB8-8B4A-11D0-8D11-00A0C91BC942}") = "EntityData", "EntityData\EntityData.vcxproj", "{3B49D5B1-08A5-4898-844D-A072A3EBC367}"
EndProject
Project("{8BC9CEB8-8B4A-11D0-8D11-00A0C91BC942}") = "BasicTool", "BasicTool\BasicTool.vcxproj", "{090D4EA6-17E5-4F6C-A336-A2D370FDE87E}"
EndProject
Global
	GlobalSection(SolutionConfigurationPlatforms) = preSolution
		Debug|Win32 = Debug|Win32
		Release|Win32 = Release|Win32
		Template|Win32 = Template|Win32
	EndGlobalSection
	GlobalSection(ProjectConfigurationPlatforms) = postSolution
		{207F7DF8-C896-451E-8E63-9D2EFBE0DEAB}.Debug|Win32.ActiveCfg = Debug|Win32
		{207F7DF8-C896-451E-8E63-9D2EFBE0DEAB}.Debug|Win32.Build.0 = Debug|Win32
		{207F7DF8-C896-451E-8E63-9D2EFBE0DEAB}.Release|Win32.ActiveCfg = Release|Win32
		{207F7DF8-C896-451E-8E63-9D2EFBE0DEAB}.Release|Win32.Build.0 = Release|Win32
		{207F7DF8-C896-451E-8E63-9D2EFBE0DEAB}.Template|Win32.ActiveCfg = Release|Win32
		{207F7DF8-C896-451E-8E63-9D2EFBE0DEAB}.Template|Win32.Build.0 = Release|Win32
		{DFA2D2DE-68AF-4718-B05B-E7E74B9BD996}.Debug|Win32.ActiveCfg = Debug|Win32
		{DFA2D2DE-68AF-4718-B05B-E7E74B9BD996}.Debug|Win32.Build.0 = Debug|Win32
		{DFA2D2DE-68AF-4718-B05B-E7E74B9BD996}.Release|Win32.ActiveCfg = Release|Win32
		{DFA2D2DE-68AF-4718-B05B-E7E74B9BD996}.Release|Win32.Build.0 = Release|Win32
		{DFA2D2DE-68AF-4718-B05B-E7E74B9BD996}.Template|Win32.ActiveCfg = Release|Win32
		{DFA2D2DE-68AF-4718-B05B-E7E74B9BD996}.Template|Win32.Build.0 = Release|Win32
		{E455524A-04DB-498C-BBB2-1CE982896FA4}.Debug|Win32.ActiveCfg = Debug|Win32
		{E455524A-04DB-498C-BBB2-1CE982896FA4}.Debug|Win32.Build.0 = Debug|Win32
		{E455524A-04DB-498C-BBB2-1CE982896FA4}.Release|Win32.ActiveCfg = Release|Win32
		{E455524A-04DB-498C-BBB2-1CE982896FA4}.Release|Win32.Build.0 = Release|Win32
		{E455524A-04DB-498C-BBB2-1CE982896FA4}.Template|Win32.ActiveCfg = Template|Win32
		{E455524A-04DB-498C-BBB2-1CE982896FA4}.Template|Win32.Build.0 = Template|Win32
		{3C1ECEA5-5BF4-476D-A86E-988582D41755}.Debug|Win32.ActiveCfg = Debug|Win32
		{3C1ECEA5-5BF4-476D-A86E-988582D41755}.Debug|Win32.Build.0 = Debug|Win32
		{3C1ECEA5-5BF4-476D-A86E-988582D41755}.Release|Win32.ActiveCfg = Release|Win32
		{3C1ECEA5-5BF4-476D-A86E-988582D41755}.Release|Win32.Build.0 = Release|Win32
		{3C1ECEA5-5BF4-476D-A86E-988582D41755}.Template|Win32.ActiveCfg = Template|Win32
		{3C1ECEA5-5BF4-476D-A86E-988582D41755}.Template|Win32.Build.0 = Template|Win32
		{3B49D5B1-08A5-4898-844D-A072A3EBC367}.Debug|Win32.ActiveCfg = Debug|Win32
		{3B49D5B1-08A5-4898-844D-A072A3EBC367}.Debug|Win32.Build.0 = Debug|Win32
		{3B49D5B1-08A5-4898-844D-A072A3EBC367}.Release|Win32.ActiveCfg = Release|Win32
		{3B49D5B1-08A5-4898-844D-A072A3EBC367}.Release|Win32.Build.0 = Release|Win32
		{3B49D5B1-08A5-4898-844D-A072A3EBC367}.Template|Win32.ActiveCfg = Release|Win32
		{3B49D5B1-08A5-4898-844D-A072A3EBC367}.Template|Win32.Build.0 = Release|Win32
		{090D4EA6-17E5-4F6C-A336-A2D370FDE87E}.Debug|Win32.ActiveCfg = Debug|Win32
		{090D4EA6-17E5-4F6C-A336-A2D370FDE87E}.Debug|Win32.Build.0 = Debug|Win32
		{090D4EA6-17E5-4F6C-A336-A2D370FDE87E}.Release|Win32.ActiveCfg = Release|Win32
		{090D4EA6-17E5-4F6C-A336-A2D370FDE87E}.Release|Win32.Build.0 = Release|Win32
		{090D4EA6-17E5-4F6C-A336-A2D370FDE87E}.Template|Win32.ActiveCfg = Release|Win32
		{090D4EA6-17E5-4F6C-A336-A2D370FDE87E}.Template|Win32.Build.0 = Release|Win32
	EndGlobalSection
	GlobalSection(SolutionProperties) = preSolution
		HideSolutionNode = FALSE
	EndGlobalSection
EndGlobal
